
Microsoft Visual Studio Solution File, Format Version 12.00
# Visual Studio Version 16
VisualStudioVersion = 16.0.31112.23
MinimumVisualStudioVersion = 10.0.40219.1
Project("{FAE04EC0-301F-11D3-BF4B-00C04F79EFBC}") = "ReadFromJson", "ReadFromJson\ReadFromJson.csproj", "{18DCCF10-9885-4346-B40B-630F263E05C2}"
EndProject
Global
	GlobalSection(SolutionConfigurationPlatforms) = preSolution
		Debug|Any CPU = Debug|Any CPU
		Release|Any CPU = Release|Any CPU
	EndGlobalSection
	GlobalSection(ProjectConfigurationPlatforms) = postSolution
		{18DCCF10-9885-4346-B40B-630F263E05C2}.Debug|Any CPU.ActiveCfg = Debug|Any CPU
		{18DCCF10-9885-4346-B40B-630F263E05C2}.Debug|Any CPU.Build.0 = Debug|Any CPU
		{18DCCF10-9885-4346-B40B-630F263E05C2}.Release|Any CPU.ActiveCfg = Release|Any CPU
		{18DCCF10-9885-4346-B40B-630F263E05C2}.Release|Any CPU.Build.0 = Release|Any CPU
	EndGlobalSection
	GlobalSection(SolutionProperties) = preSolution
		HideSolutionNode = FALSE
	EndGlobalSection
	GlobalSection(ExtensibilityGlobals) = postSolution
		SolutionGuid = {349A9EFE-AD27-4AE0-AF2C-80CF3BCBA111}
	EndGlobalSection
EndGlobal
